
Microsoft Visual Studio Solution File, Format Version 12.00
# Visual Studio 15
VisualStudioVersion = 15.0.28307.271
MinimumVisualStudioVersion = 10.0.40219.1
Project("{FAE04EC0-301F-11D3-BF4B-00C04F79EFBC}") = "RSS_Reader", "RSS_Reader\RSS_Reader.csproj", "{13DE58D8-8383-4767-9DCB-36F5429B00ED}"
EndProject
Project("{FAE04EC0-301F-11D3-BF4B-00C04F79EFBC}") = "Rss_Downloader", "Rss_Downloader_Console\Rss_Downloader.csproj", "{A5FDDE19-3C44-401B-A914-3D3F4ABC03DB}"
EndProject
Project("{FAE04EC0-301F-11D3-BF4B-00C04F79EFBC}") = "RssModelsLib", "RssModelsLib\RssModelsLib.csproj", "{CDD18180-3838-4B22-803B-32E421408CEC}"
EndProject
Project("{FAE04EC0-301F-11D3-BF4B-00C04F79EFBC}") = "RssDbContextLib", "RssDbContextLib\RssDbContextLib.csproj", "{A218EDF0-416A-40F3-BC05-93A8842CF712}"
EndProject
Global
	GlobalSection(SolutionConfigurationPlatforms) = preSolution
		Debug|Any CPU = Debug|Any CPU
		Release|Any CPU = Release|Any CPU
	EndGlobalSection
	GlobalSection(ProjectConfigurationPlatforms) = postSolution
		{13DE58D8-8383-4767-9DCB-36F5429B00ED}.Debug|Any CPU.ActiveCfg = Debug|Any CPU
		{13DE58D8-8383-4767-9DCB-36F5429B00ED}.Debug|Any CPU.Build.0 = Debug|Any CPU
		{13DE58D8-8383-4767-9DCB-36F5429B00ED}.Release|Any CPU.ActiveCfg = Release|Any CPU
		{13DE58D8-8383-4767-9DCB-36F5429B00ED}.Release|Any CPU.Build.0 = Release|Any CPU
		{A5FDDE19-3C44-401B-A914-3D3F4ABC03DB}.Debug|Any CPU.ActiveCfg = Debug|Any CPU
		{A5FDDE19-3C44-401B-A914-3D3F4ABC03DB}.Debug|Any CPU.Build.0 = Debug|Any CPU
		{A5FDDE19-3C44-401B-A914-3D3F4ABC03DB}.Release|Any CPU.ActiveCfg = Release|Any CPU
		{A5FDDE19-3C44-401B-A914-3D3F4ABC03DB}.Release|Any CPU.Build.0 = Release|Any CPU
		{CDD18180-3838-4B22-803B-32E421408CEC}.Debug|Any CPU.ActiveCfg = Debug|Any CPU
		{CDD18180-3838-4B22-803B-32E421408CEC}.Debug|Any CPU.Build.0 = Debug|Any CPU
		{CDD18180-3838-4B22-803B-32E421408CEC}.Release|Any CPU.ActiveCfg = Release|Any CPU
		{CDD18180-3838-4B22-803B-32E421408CEC}.Release|Any CPU.Build.0 = Release|Any CPU
		{A218EDF0-416A-40F3-BC05-93A8842CF712}.Debug|Any CPU.ActiveCfg = Debug|Any CPU
		{A218EDF0-416A-40F3-BC05-93A8842CF712}.Debug|Any CPU.Build.0 = Debug|Any CPU
		{A218EDF0-416A-40F3-BC05-93A8842CF712}.Release|Any CPU.ActiveCfg = Release|Any CPU
		{A218EDF0-416A-40F3-BC05-93A8842CF712}.Release|Any CPU.Build.0 = Release|Any CPU
	EndGlobalSection
	GlobalSection(SolutionProperties) = preSolution
		HideSolutionNode = FALSE
	EndGlobalSection
	GlobalSection(ExtensibilityGlobals) = postSolution
		SolutionGuid = {D31C157E-0535-43D2-8B6C-4C120C400D0C}
	EndGlobalSection
EndGlobal
